// !$*UTF8*$!
{
	archiveVersion = 1;
	classes = {
	};
	objectVersion = 56;
	objects = {

/* Begin PBXBuildFile section */
		469265F62CBAF33100C2DC42 /* AppDelegate.swift in Sources */ = {isa = PBXBuildFile; fileRef = 469265F52CBAF33100C2DC42 /* AppDelegate.swift */; };
		469265F82CBAF33100C2DC42 /* SceneDelegate.swift in Sources */ = {isa = PBXBuildFile; fileRef = 469265F72CBAF33100C2DC42 /* SceneDelegate.swift */; };
		469265FA2CBAF33100C2DC42 /* ViewController.swift in Sources */ = {isa = PBXBuildFile; fileRef = 469265F92CBAF33100C2DC42 /* ViewController.swift */; };
		469265FD2CBAF33100C2DC42 /* Main.storyboard in Resources */ = {isa = PBXBuildFile; fileRef = 469265FB2CBAF33100C2DC42 /* Main.storyboard */; };
		469265FF2CBAF33300C2DC42 /* Assets.xcassets in Resources */ = {isa = PBXBuildFile; fileRef = 469265FE2CBAF33300C2DC42 /* Assets.xcassets */; };
		469266022CBAF33300C2DC42 /* LaunchScreen.storyboard in Resources */ = {isa = PBXBuildFile; fileRef = 469266002CBAF33300C2DC42 /* LaunchScreen.storyboard */; };
		4692660D2CBAF33400C2DC42 /* PitchPerfectTests.swift in Sources */ = {isa = PBXBuildFile; fileRef = 4692660C2CBAF33400C2DC42 /* PitchPerfectTests.swift */; };
		469266172CBAF33400C2DC42 /* PitchPerfectUITests.swift in Sources */ = {isa = PBXBuildFile; fileRef = 469266162CBAF33400C2DC42 /* PitchPerfectUITests.swift */; };
		469266192CBAF33400C2DC42 /* PitchPerfectUITestsLaunchTests.swift in Sources */ = {isa = PBXBuildFile; fileRef = 469266182CBAF33400C2DC42 /* PitchPerfectUITestsLaunchTests.swift */; };
/* End PBXBuildFile section */

/* Begin PBXContainerItemProxy section */
		469266092CBAF33400C2DC42 /* PBXContainerItemProxy */ = {
			isa = PBXContainerItemProxy;
			containerPortal = 469265EA2CBAF33100C2DC42 /* Project object */;
			proxyType = 1;
			remoteGlobalIDString = 469265F12CBAF33100C2DC42;
			remoteInfo = PitchPerfect;
		};
		469266132CBAF33400C2DC42 /* PBXContainerItemProxy */ = {
			isa = PBXContainerItemProxy;
			containerPortal = 469265EA2CBAF33100C2DC42 /* Project object */;
			proxyType = 1;
			remoteGlobalIDString = 469265F12CBAF33100C2DC42;
			remoteInfo = PitchPerfect;
		};
/* End PBXContainerItemProxy section */

/* Begin PBXFileReference section */
		469265F22CBAF33100C2DC42 /* PitchPerfect.app */ = {isa = PBXFileReference; explicitFileType = wrapper.application; includeInIndex = 0; path = PitchPerfect.app; sourceTree = BUILT_PRODUCTS_DIR; };
		469265F52CBAF33100C2DC42 /* AppDelegate.swift */ = {isa = PBXFileReference; lastKnownFileType = sourcecode.swift; path = AppDelegate.swift; sourceTree = "<group>"; };
		469265F72CBAF33100C2DC42 /* SceneDelegate.swift */ = {isa = PBXFileReference; lastKnownFileType = sourcecode.swift; path = SceneDelegate.swift; sourceTree = "<group>"; };
		469265F92CBAF33100C2DC42 /* ViewController.swift */ = {isa = PBXFileReference; lastKnownFileType = sourcecode.swift; path = ViewController.swift; sourceTree = "<group>"; };
		469265FC2CBAF33100C2DC42 /* Base */ = {isa = PBXFileReference; lastKnownFileType = file.storyboard; name = Base; path = Base.lproj/Main.storyboard; sourceTree = "<group>"; };
		469265FE2CBAF33300C2DC42 /* Assets.xcassets */ = {isa = PBXFileReference; lastKnownFileType = folder.assetcatalog; path = Assets.xcassets; sourceTree = "<group>"; };
		469266012CBAF33300C2DC42 /* Base */ = {isa = PBXFileReference; lastKnownFileType = file.storyboard; name = Base; path = Base.lproj/LaunchScreen.storyboard; sourceTree = "<group>"; };
		469266032CBAF33300C2DC42 /* Info.plist */ = {isa = PBXFileReference; lastKnownFileType = text.plist.xml; path = Info.plist; sourceTree = "<group>"; };
		469266082CBAF33400C2DC42 /* PitchPerfectTests.xctest */ = {isa = PBXFileReference; explicitFileType = wrapper.cfbundle; includeInIndex = 0; path = PitchPerfectTests.xctest; sourceTree = BUILT_PRODUCTS_DIR; };
		4692660C2CBAF33400C2DC42 /* PitchPerfectTests.swift */ = {isa = PBXFileReference; lastKnownFileType = sourcecode.swift; path = PitchPerfectTests.swift; sourceTree = "<group>"; };
		469266122CBAF33400C2DC42 /* PitchPerfectUITests.xctest */ = {isa = PBXFileReference; explicitFileType = wrapper.cfbundle; includeInIndex = 0; path = PitchPerfectUITests.xctest; sourceTree = BUILT_PRODUCTS_DIR; };
		469266162CBAF33400C2DC42 /* PitchPerfectUITests.swift */ = {isa = PBXFileReference; lastKnownFileType = sourcecode.swift; path = PitchPerfectUITests.swift; sourceTree = "<group>"; };
		469266182CBAF33400C2DC42 /* PitchPerfectUITestsLaunchTests.swift */ = {isa = PBXFileReference; lastKnownFileType = sourcecode.swift; path = PitchPerfectUITestsLaunchTests.swift; sourceTree = "<group>"; };
/* End PBXFileReference section */

/* Begin PBXFrameworksBuildPhase section */
		469265EF2CBAF33100C2DC42 /* Frameworks */ = {
			isa = PBXFrameworksBuildPhase;
			buildActionMask = 2147483647;
			files = (
			);
			runOnlyForDeploymentPostprocessing = 0;
		};
		469266052CBAF33400C2DC42 /* Frameworks */ = {
			isa = PBXFrameworksBuildPhase;
			buildActionMask = 2147483647;
			files = (
			);
			runOnlyForDeploymentPostprocessing = 0;
		};
		4692660F2CBAF33400C2DC42 /* Frameworks */ = {
			isa = PBXFrameworksBuildPhase;
			buildActionMask = 2147483647;
			files = (
			);
			runOnlyForDeploymentPostprocessing = 0;
		};
/* End PBXFrameworksBuildPhase section */

/* Begin PBXGroup section */
		469265E92CBAF33100C2DC42 = {
			isa = PBXGroup;
			children = (
				469265F42CBAF33100C2DC42 /* PitchPerfect */,
				4692660B2CBAF33400C2DC42 /* PitchPerfectTests */,
				469266152CBAF33400C2DC42 /* PitchPerfectUITests */,
				469265F32CBAF33100C2DC42 /* Products */,
			);
			sourceTree = "<group>";
		};
		469265F32CBAF33100C2DC42 /* Products */ = {
			isa = PBXGroup;
			children = (
				469265F22CBAF33100C2DC42 /* PitchPerfect.app */,
				469266082CBAF33400C2DC42 /* PitchPerfectTests.xctest */,
				469266122CBAF33400C2DC42 /* PitchPerfectUITests.xctest */,
			);
			name = Products;
			sourceTree = "<group>";
		};
		469265F42CBAF33100C2DC42 /* PitchPerfect */ = {
			isa = PBXGroup;
			children = (
				469265F52CBAF33100C2DC42 /* AppDelegate.swift */,
				469265F72CBAF33100C2DC42 /* SceneDelegate.swift */,
				469265F92CBAF33100C2DC42 /* ViewController.swift */,
				469265FB2CBAF33100C2DC42 /* Main.storyboard */,
				469265FE2CBAF33300C2DC42 /* Assets.xcassets */,
				469266002CBAF33300C2DC42 /* LaunchScreen.storyboard */,
				469266032CBAF33300C2DC42 /* Info.plist */,
			);
			path = PitchPerfect;
			sourceTree = "<group>";
		};
		4692660B2CBAF33400C2DC42 /* PitchPerfectTests */ = {
			isa = PBXGroup;
			children = (
				4692660C2CBAF33400C2DC42 /* PitchPerfectTests.swift */,
			);
			path = PitchPerfectTests;
			sourceTree = "<group>";
		};
		469266152CBAF33400C2DC42 /* PitchPerfectUITests */ = {
			isa = PBXGroup;
			children = (
				469266162CBAF33400C2DC42 /* PitchPerfectUITests.swift */,
				469266182CBAF33400C2DC42 /* PitchPerfectUITestsLaunchTests.swift */,
			);
			path = PitchPerfectUITests;
			sourceTree = "<group>";
		};
/* End PBXGroup section */

/* Begin PBXNativeTarget section */
		469265F12CBAF33100C2DC42 /* PitchPerfect */ = {
			isa = PBXNativeTarget;
			buildConfigurationList = 4692661C2CBAF33400C2DC42 /* Build configuration list for PBXNativeTarget "PitchPerfect" */;
			buildPhases = (
				469265EE2CBAF33100C2DC42 /* Sources */,
				469265EF2CBAF33100C2DC42 /* Frameworks */,
				469265F02CBAF33100C2DC42 /* Resources */,
			);
			buildRules = (
			);
			dependencies = (
			);
			name = PitchPerfect;
			productName = PitchPerfect;
			productReference = 469265F22CBAF33100C2DC42 /* PitchPerfect.app */;
			productType = "com.apple.product-type.application";
		};
		469266072CBAF33400C2DC42 /* PitchPerfectTests */ = {
			isa = PBXNativeTarget;
			buildConfigurationList = 4692661F2CBAF33400C2DC42 /* Build configuration list for PBXNativeTarget "PitchPerfectTests" */;
			buildPhases = (
				469266042CBAF33400C2DC42 /* Sources */,
				469266052CBAF33400C2DC42 /* Frameworks */,
				469266062CBAF33400C2DC42 /* Resources */,
			);
			buildRules = (
			);
			dependencies = (
				4692660A2CBAF33400C2DC42 /* PBXTargetDependency */,
			);
			name = PitchPerfectTests;
			productName = PitchPerfectTests;
			productReference = 469266082CBAF33400C2DC42 /* PitchPerfectTests.xctest */;
			productType = "com.apple.product-type.bundle.unit-test";
		};
		469266112CBAF33400C2DC42 /* PitchPerfectUITests */ = {
			isa = PBXNativeTarget;
			buildConfigurationList = 469266222CBAF33400C2DC42 /* Build configuration list for PBXNativeTarget "PitchPerfectUITests" */;
			buildPhases = (
				4692660E2CBAF33400C2DC42 /* Sources */,
				4692660F2CBAF33400C2DC42 /* Frameworks */,
				469266102CBAF33400C2DC42 /* Resources */,
			);
			buildRules = (
			);
			dependencies = (
				469266142CBAF33400C2DC42 /* PBXTargetDependency */,
			);
			name = PitchPerfectUITests;
			productName = PitchPerfectUITests;
			productReference = 469266122CBAF33400C2DC42 /* PitchPerfectUITests.xctest */;
			productType = "com.apple.product-type.bundle.ui-testing";
		};
/* End PBXNativeTarget section */

/* Begin PBXProject section */
		469265EA2CBAF33100C2DC42 /* Project object */ = {
			isa = PBXProject;
			attributes = {
				BuildIndependentTargetsInParallel = 1;
				LastSwiftUpdateCheck = 1520;
				LastUpgradeCheck = 1520;
				TargetAttributes = {
					469265F12CBAF33100C2DC42 = {
						CreatedOnToolsVersion = 15.2;
					};
					469266072CBAF33400C2DC42 = {
						CreatedOnToolsVersion = 15.2;
						TestTargetID = 469265F12CBAF33100C2DC42;
					};
					469266112CBAF33400C2DC42 = {
						CreatedOnToolsVersion = 15.2;
						TestTargetID = 469265F12CBAF33100C2DC42;
					};
				};
			};
			buildConfigurationList = 469265ED2CBAF33100C2DC42 /* Build configuration list for PBXProject "PitchPerfect" */;
			compatibilityVersion = "Xcode 14.0";
			developmentRegion = en;
			hasScannedForEncodings = 0;
			knownRegions = (
				en,
				Base,
			);
			mainGroup = 469265E92CBAF33100C2DC42;
			productRefGroup = 469265F32CBAF33100C2DC42 /* Products */;
			projectDirPath = "";
			projectRoot = "";
			targets = (
				469265F12CBAF33100C2DC42 /* PitchPerfect */,
				469266072CBAF33400C2DC42 /* PitchPerfectTests */,
				469266112CBAF33400C2DC42 /* PitchPerfectUITests */,
			);
		};
/* End PBXProject section */

/* Begin PBXResourcesBuildPhase section */
		469265F02CBAF33100C2DC42 /* Resources */ = {
			isa = PBXResourcesBuildPhase;
			buildActionMask = 2147483647;
			files = (
				469266022CBAF33300C2DC42 /* LaunchScreen.storyboard in Resources */,
				469265FF2CBAF33300C2DC42 /* Assets.xcassets in Resources */,
				469265FD2CBAF33100C2DC42 /* Main.storyboard in Resources */,
			);
			runOnlyForDeploymentPostprocessing = 0;
		};
		469266062CBAF33400C2DC42 /* Resources */ = {
			isa = PBXResourcesBuildPhase;
			buildActionMask = 2147483647;
			files = (
			);
			runOnlyForDeploymentPostprocessing = 0;
		};
		469266102CBAF33400C2DC42 /* Resources */ = {
			isa = PBXResourcesBuildPhase;
			buildActionMask = 2147483647;
			files = (
			);
			runOnlyForDeploymentPostprocessing = 0;
		};
/* End PBXResourcesBuildPhase section */

/* Begin PBXSourcesBuildPhase section */
		469265EE2CBAF33100C2DC42 /* Sources */ = {
			isa = PBXSourcesBuildPhase;
			buildActionMask = 2147483647;
			files = (
				469265FA2CBAF33100C2DC42 /* ViewController.swift in Sources */,
				469265F62CBAF33100C2DC42 /* AppDelegate.swift in Sources */,
				469265F82CBAF33100C2DC42 /* SceneDelegate.swift in Sources */,
			);
			runOnlyForDeploymentPostprocessing = 0;
		};
		469266042CBAF33400C2DC42 /* Sources */ = {
			isa = PBXSourcesBuildPhase;
			buildActionMask = 2147483647;
			files = (
				4692660D2CBAF33400C2DC42 /* PitchPerfectTests.swift in Sources */,
			);
			runOnlyForDeploymentPostprocessing = 0;
		};
		4692660E2CBAF33400C2DC42 /* Sources */ = {
			isa = PBXSourcesBuildPhase;
			buildActionMask = 2147483647;
			files = (
				469266172CBAF33400C2DC42 /* PitchPerfectUITests.swift in Sources */,
				469266192CBAF33400C2DC42 /* PitchPerfectUITestsLaunchTests.swift in Sources */,
			);
			runOnlyForDeploymentPostprocessing = 0;
		};
/* End PBXSourcesBuildPhase section */

/* Begin PBXTargetDependency section */
		4692660A2CBAF33400C2DC42 /* PBXTargetDependency */ = {
			isa = PBXTargetDependency;
			target = 469265F12CBAF33100C2DC42 /* PitchPerfect */;
			targetProxy = 469266092CBAF33400C2DC42 /* PBXContainerItemProxy */;
		};
		469266142CBAF33400C2DC42 /* PBXTargetDependency */ = {
			isa = PBXTargetDependency;
			target = 469265F12CBAF33100C2DC42 /* PitchPerfect */;
			targetProxy = 469266132CBAF33400C2DC42 /* PBXContainerItemProxy */;
		};
/* End PBXTargetDependency section */

/* Begin PBXVariantGroup section */
		469265FB2CBAF33100C2DC42 /* Main.storyboard */ = {
			isa = PBXVariantGroup;
			children = (
				469265FC2CBAF33100C2DC42 /* Base */,
			);
			name = Main.storyboard;
			sourceTree = "<group>";
		};
		469266002CBAF33300C2DC42 /* LaunchScreen.storyboard */ = {
			isa = PBXVariantGroup;
			children = (
				469266012CBAF33300C2DC42 /* Base */,
			);
			name = LaunchScreen.storyboard;
			sourceTree = "<group>";
		};
/* End PBXVariantGroup section */

/* Begin XCBuildConfiguration section */
		4692661A2CBAF33400C2DC42 /* Debug */ = {
			isa = XCBuildConfiguration;
			buildSettings = {
				ALWAYS_SEARCH_USER_PATHS = NO;
				ASSETCATALOG_COMPILER_GENERATE_SWIFT_ASSET_SYMBOL_EXTENSIONS = YES;
				CLANG_ANALYZER_NONNULL = YES;
				CLANG_ANALYZER_NUMBER_OBJECT_CONVERSION = YES_AGGRESSIVE;
				CLANG_CXX_LANGUAGE_STANDARD = "gnu++20";
				CLANG_ENABLE_MODULES = YES;
				CLANG_ENABLE_OBJC_ARC = YES;
				CLANG_ENABLE_OBJC_WEAK = YES;
				CLANG_WARN_BLOCK_CAPTURE_AUTORELEASING = YES;
				CLANG_WARN_BOOL_CONVERSION = YES;
				CLANG_WARN_COMMA = YES;
				CLANG_WARN_CONSTANT_CONVERSION = YES;
				CLANG_WARN_DEPRECATED_OBJC_IMPLEMENTATIONS = YES;
				CLANG_WARN_DIRECT_OBJC_ISA_USAGE = YES_ERROR;
				CLANG_WARN_DOCUMENTATION_COMMENTS = YES;
				CLANG_WARN_EMPTY_BODY = YES;
				CLANG_WARN_ENUM_CONVERSION = YES;
				CLANG_WARN_INFINITE_RECURSION = YES;
				CLANG_WARN_INT_CONVERSION = YES;
				CLANG_WARN_NON_LITERAL_NULL_CONVERSION = YES;
				CLANG_WARN_OBJC_IMPLICIT_RETAIN_SELF = YES;
				CLANG_WARN_OBJC_LITERAL_CONVERSION = YES;
				CLANG_WARN_OBJC_ROOT_CLASS = YES_ERROR;
				CLANG_WARN_QUOTED_INCLUDE_IN_FRAMEWORK_HEADER = YES;
				CLANG_WARN_RANGE_LOOP_ANALYSIS = YES;
				CLANG_WARN_STRICT_PROTOTYPES = YES;
				CLANG_WARN_SUSPICIOUS_MOVE = YES;
				CLANG_WARN_UNGUARDED_AVAILABILITY = YES_AGGRESSIVE;
				CLANG_WARN_UNREACHABLE_CODE = YES;
				CLANG_WARN__DUPLICATE_METHOD_MATCH = YES;
				COPY_PHASE_STRIP = NO;
				DEBUG_INFORMATION_FORMAT = dwarf;
				ENABLE_STRICT_OBJC_MSGSEND = YES;
				ENABLE_TESTABILITY = YES;
				ENABLE_USER_SCRIPT_SANDBOXING = YES;
				GCC_C_LANGUAGE_STANDARD = gnu17;
				GCC_DYNAMIC_NO_PIC = NO;
				GCC_NO_COMMON_BLOCKS = YES;
				GCC_OPTIMIZATION_LEVEL = 0;
				GCC_PREPROCESSOR_DEFINITIONS = (
					"DEBUG=1",
					"$(inherited)",
				);
				GCC_WARN_64_TO_32_BIT_CONVERSION = YES;
				GCC_WARN_ABOUT_RETURN_TYPE = YES_ERROR;
				GCC_WARN_UNDECLARED_SELECTOR = YES;
				GCC_WARN_UNINITIALIZED_AUTOS = YES_AGGRESSIVE;
				GCC_WARN_UNUSED_FUNCTION = YES;
				GCC_WARN_UNUSED_VARIABLE = YES;
				IPHONEOS_DEPLOYMENT_TARGET = 17.2;
				LOCALIZATION_PREFERS_STRING_CATALOGS = YES;
				MTL_ENABLE_DEBUG_INFO = INCLUDE_SOURCE;
				MTL_FAST_MATH = YES;
				ONLY_ACTIVE_ARCH = YES;
				SDKROOT = iphoneos;
				SWIFT_ACTIVE_COMPILATION_CONDITIONS = "DEBUG $(inherited)";
				SWIFT_OPTIMIZATION_LEVEL = "-Onone";
			};
			name = Debug;
		};
		4692661B2CBAF33400C2DC42 /* Release */ = {
			isa = XCBuildConfiguration;
			buildSettings = {
				ALWAYS_SEARCH_USER_PATHS = NO;
				ASSETCATALOG_COMPILER_GENERATE_SWIFT_ASSET_SYMBOL_EXTENSIONS = YES;
				CLANG_ANALYZER_NONNULL = YES;
				CLANG_ANALYZER_NUMBER_OBJECT_CONVERSION = YES_AGGRESSIVE;
				CLANG_CXX_LANGUAGE_STANDARD = "gnu++20";
				CLANG_ENABLE_MODULES = YES;
				CLANG_ENABLE_OBJC_ARC = YES;
				CLANG_ENABLE_OBJC_WEAK = YES;
				CLANG_WARN_BLOCK_CAPTURE_AUTORELEASING = YES;
				CLANG_WARN_BOOL_CONVERSION = YES;
				CLANG_WARN_COMMA = YES;
				CLANG_WARN_CONSTANT_CONVERSION = YES;
				CLANG_WARN_DEPRECATED_OBJC_IMPLEMENTATIONS = YES;
				CLANG_WARN_DIRECT_OBJC_ISA_USAGE = YES_ERROR;
				CLANG_WARN_DOCUMENTATION_COMMENTS = YES;
				CLANG_WARN_EMPTY_BODY = YES;
				CLANG_WARN_ENUM_CONVERSION = YES;
				CLANG_WARN_INFINITE_RECURSION = YES;
				CLANG_WARN_INT_CONVERSION = YES;
				CLANG_WARN_NON_LITERAL_NULL_CONVERSION = YES;
				CLANG_WARN_OBJC_IMPLICIT_RETAIN_SELF = YES;
				CLANG_WARN_OBJC_LITERAL_CONVERSION = YES;
				CLANG_WARN_OBJC_ROOT_CLASS = YES_ERROR;
				CLANG_WARN_QUOTED_INCLUDE_IN_FRAMEWORK_HEADER = YES;
				CLANG_WARN_RANGE_LOOP_ANALYSIS = YES;
				CLANG_WARN_STRICT_PROTOTYPES = YES;
				CLANG_WARN_SUSPICIOUS_MOVE = YES;
				CLANG_WARN_UNGUARDED_AVAILABILITY = YES_AGGRESSIVE;
				CLANG_WARN_UNREACHABLE_CODE = YES;
				CLANG_WARN__DUPLICATE_METHOD_MATCH = YES;
				COPY_PHASE_STRIP = NO;
				DEBUG_INFORMATION_FORMAT = "dwarf-with-dsym";
				ENABLE_NS_ASSERTIONS = NO;
				ENABLE_STRICT_OBJC_MSGSEND = YES;
				ENABLE_USER_SCRIPT_SANDBOXING = YES;
				GCC_C_LANGUAGE_STANDARD = gnu17;
				GCC_NO_COMMON_BLOCKS = YES;
				GCC_WARN_64_TO_32_BIT_CONVERSION = YES;
				GCC_WARN_ABOUT_RETURN_TYPE = YES_ERROR;
				GCC_WARN_UNDECLARED_SELECTOR = YES;
				GCC_WARN_UNINITIALIZED_AUTOS = YES_AGGRESSIVE;
				GCC_WARN_UNUSED_FUNCTION = YES;
				GCC_WARN_UNUSED_VARIABLE = YES;
				IPHONEOS_DEPLOYMENT_TARGET = 17.2;
				LOCALIZATION_PREFERS_STRING_CATALOGS = YES;
				MTL_ENABLE_DEBUG_INFO = NO;
				MTL_FAST_MATH = YES;
				SDKROOT = iphoneos;
				SWIFT_COMPILATION_MODE = wholemodule;
				VALIDATE_PRODUCT = YES;
			};
			name = Release;
		};
		4692661D2CBAF33400C2DC42 /* Debug */ = {
			isa = XCBuildConfiguration;
			buildSettings = {
				ASSETCATALOG_COMPILER_APPICON_NAME = AppIcon;
				ASSETCATALOG_COMPILER_GLOBAL_ACCENT_COLOR_NAME = AccentColor;
				CODE_SIGN_STYLE = Automatic;
				CURRENT_PROJECT_VERSION = 1;
				GENERATE_INFOPLIST_FILE = YES;
				INFOPLIST_FILE = PitchPerfect/Info.plist;
				INFOPLIST_KEY_UIApplicationSupportsIndirectInputEvents = YES;
				INFOPLIST_KEY_UILaunchStoryboardName = LaunchScreen;
				INFOPLIST_KEY_UIMainStoryboardFile = Main;
				INFOPLIST_KEY_UISupportedInterfaceOrientations_iPad = "UIInterfaceOrientationPortrait UIInterfaceOrientationPortraitUpsideDown UIInterfaceOrientationLandscapeLeft UIInterfaceOrientationLandscapeRight";
				INFOPLIST_KEY_UISupportedInterfaceOrientations_iPhone = "UIInterfaceOrientationPortrait UIInterfaceOrientationLandscapeLeft UIInterfaceOrientationLandscapeRight";
				LD_RUNPATH_SEARCH_PATHS = (
					"$(inherited)",
					"@executable_path/Frameworks",
				);
				MARKETING_VERSION = 1.0;
				PRODUCT_BUNDLE_IDENTIFIER = earbaj.PitchPerfect;
				PRODUCT_NAME = "$(TARGET_NAME)";
				SWIFT_EMIT_LOC_STRINGS = YES;
				SWIFT_VERSION = 5.0;
				TARGETED_DEVICE_FAMILY = "1,2";
			};
			name = Debug;
		};
		4692661E2CBAF33400C2DC42 /* Release */ = {
			isa = XCBuildConfiguration;
			buildSettings = {
				ASSETCATALOG_COMPILER_APPICON_NAME = AppIcon;
				ASSETCATALOG_COMPILER_GLOBAL_ACCENT_COLOR_NAME = AccentColor;
				CODE_SIGN_STYLE = Automatic;
				CURRENT_PROJECT_VERSION = 1;
				GENERATE_INFOPLIST_FILE = YES;
				INFOPLIST_FILE = PitchPerfect/Info.plist;
				INFOPLIST_KEY_UIApplicationSupportsIndirectInputEvents = YES;
				INFOPLIST_KEY_UILaunchStoryboardName = LaunchScreen;
				INFOPLIST_KEY_UIMainStoryboardFile = Main;
				INFOPLIST_KEY_UISupportedInterfaceOrientations_iPad = "UIInterfaceOrientationPortrait UIInterfaceOrientationPortraitUpsideDown UIInterfaceOrientationLandscapeLeft UIInterfaceOrientationLandscapeRight";
				INFOPLIST_KEY_UISupportedInterfaceOrientations_iPhone = "UIInterfaceOrientationPortrait UIInterfaceOrientationLandscapeLeft UIInterfaceOrientationLandscapeRight";
				LD_RUNPATH_SEARCH_PATHS = (
					"$(inherited)",
					"@executable_path/Frameworks",
				);
				MARKETING_VERSION = 1.0;
				PRODUCT_BUNDLE_IDENTIFIER = earbaj.PitchPerfect;
				PRODUCT_NAME = "$(TARGET_NAME)";
				SWIFT_EMIT_LOC_STRINGS = YES;
				SWIFT_VERSION = 5.0;
				TARGETED_DEVICE_FAMILY = "1,2";
			};
			name = Release;
		};
		469266202CBAF33400C2DC42 /* Debug */ = {
			isa = XCBuildConfiguration;
			buildSettings = {
				ALWAYS_EMBED_SWIFT_STANDARD_LIBRARIES = YES;
				BUNDLE_LOADER = "$(TEST_HOST)";
				CODE_SIGN_STYLE = Automatic;
				CURRENT_PROJECT_VERSION = 1;
				GENERATE_INFOPLIST_FILE = YES;
				IPHONEOS_DEPLOYMENT_TARGET = 17.2;
				MARKETING_VERSION = 1.0;
				PRODUCT_BUNDLE_IDENTIFIER = earbaj.PitchPerfectTests;
				PRODUCT_NAME = "$(TARGET_NAME)";
				SWIFT_EMIT_LOC_STRINGS = NO;
				SWIFT_VERSION = 5.0;
				TARGETED_DEVICE_FAMILY = "1,2";
				TEST_HOST = "$(BUILT_PRODUCTS_DIR)/PitchPerfect.app/$(BUNDLE_EXECUTABLE_FOLDER_PATH)/PitchPerfect";
			};
			name = Debug;
		};
		469266212CBAF33400C2DC42 /* Release */ = {
			isa = XCBuildConfiguration;
			buildSettings = {
				ALWAYS_EMBED_SWIFT_STANDARD_LIBRARIES = YES;
				BUNDLE_LOADER = "$(TEST_HOST)";
				CODE_SIGN_STYLE = Automatic;
				CURRENT_PROJECT_VERSION = 1;
				GENERATE_INFOPLIST_FILE = YES;
				IPHONEOS_DEPLOYMENT_TARGET = 17.2;
				MARKETING_VERSION = 1.0;
				PRODUCT_BUNDLE_IDENTIFIER = earbaj.PitchPerfectTests;
				PRODUCT_NAME = "$(TARGET_NAME)";
				SWIFT_EMIT_LOC_STRINGS = NO;
				SWIFT_VERSION = 5.0;
				TARGETED_DEVICE_FAMILY = "1,2";
				TEST_HOST = "$(BUILT_PRODUCTS_DIR)/PitchPerfect.app/$(BUNDLE_EXECUTABLE_FOLDER_PATH)/PitchPerfect";
			};
			name = Release;
		};
		469266232CBAF33400C2DC42 /* Debug */ = {
			isa = XCBuildConfiguration;
			buildSettings = {
				ALWAYS_EMBED_SWIFT_STANDARD_LIBRARIES = YES;
				CODE_SIGN_STYLE = Automatic;
				CURRENT_PROJECT_VERSION = 1;
				GENERATE_INFOPLIST_FILE = YES;
				MARKETING_VERSION = 1.0;
				PRODUCT_BUNDLE_IDENTIFIER = earbaj.PitchPerfectUITests;
				PRODUCT_NAME = "$(TARGET_NAME)";
				SWIFT_EMIT_LOC_STRINGS = NO;
				SWIFT_VERSION = 5.0;
				TARGETED_DEVICE_FAMILY = "1,2";
				TEST_TARGET_NAME = PitchPerfect;
			};
			name = Debug;
		};
		469266242CBAF33400C2DC42 /* Release */ = {
			isa = XCBuildConfiguration;
			buildSettings = {
				ALWAYS_EMBED_SWIFT_STANDARD_LIBRARIES = YES;
				CODE_SIGN_STYLE = Automatic;
				CURRENT_PROJECT_VERSION = 1;
				GENERATE_INFOPLIST_FILE = YES;
				MARKETING_VERSION = 1.0;
				PRODUCT_BUNDLE_IDENTIFIER = earbaj.PitchPerfectUITests;
				PRODUCT_NAME = "$(TARGET_NAME)";
				SWIFT_EMIT_LOC_STRINGS = NO;
				SWIFT_VERSION = 5.0;
				TARGETED_DEVICE_FAMILY = "1,2";
				TEST_TARGET_NAME = PitchPerfect;
			};
			name = Release;
		};
/* End XCBuildConfiguration section */

/* Begin XCConfigurationList section */
		469265ED2CBAF33100C2DC42 /* Build configuration list for PBXProject "PitchPerfect" */ = {
			isa = XCConfigurationList;
			buildConfigurations = (
				4692661A2CBAF33400C2DC42 /* Debug */,
				4692661B2CBAF33400C2DC42 /* Release */,
			);
			defaultConfigurationIsVisible = 0;
			defaultConfigurationName = Release;
		};
		4692661C2CBAF33400C2DC42 /* Build configuration list for PBXNativeTarget "PitchPerfect" */ = {
			isa = XCConfigurationList;
			buildConfigurations = (
				4692661D2CBAF33400C2DC42 /* Debug */,
				4692661E2CBAF33400C2DC42 /* Release */,
			);
			defaultConfigurationIsVisible = 0;
			defaultConfigurationName = Release;
		};
		4692661F2CBAF33400C2DC42 /* Build configuration list for PBXNativeTarget "PitchPerfectTests" */ = {
			isa = XCConfigurationList;
			buildConfigurations = (
				469266202CBAF33400C2DC42 /* Debug */,
				469266212CBAF33400C2DC42 /* Release */,
			);
			defaultConfigurationIsVisible = 0;
			defaultConfigurationName = Release;
		};
		469266222CBAF33400C2DC42 /* Build configuration list for PBXNativeTarget "PitchPerfectUITests" */ = {
			isa = XCConfigurationList;
			buildConfigurations = (
				469266232CBAF33400C2DC42 /* Debug */,
				469266242CBAF33400C2DC42 /* Release */,
			);
			defaultConfigurationIsVisible = 0;
			defaultConfigurationName = Release;
		};
/* End XCConfigurationList section */
	};
	rootObject = 469265EA2CBAF33100C2DC42 /* Project object */;
}
